
Microsoft Visual Studio Solution File, Format Version 12.00
# Visual Studio Version 16
VisualStudioVersion = 16.0.29409.12
MinimumVisualStudioVersion = 10.0.40219.1
Project("{FAE04EC0-301F-11D3-BF4B-00C04F79EFBC}") = "AutoNightcore", "AutoNightcore\AutoNightcore.csproj", "{70627855-FC91-49B7-B459-380292E92845}"
EndProject
Global
	GlobalSection(SolutionConfigurationPlatforms) = preSolution
		Debug|Any CPU = Debug|Any CPU
		Release|Any CPU = Release|Any CPU
	EndGlobalSection
	GlobalSection(ProjectConfigurationPlatforms) = postSolution
		{70627855-FC91-49B7-B459-380292E92845}.Debug|Any CPU.ActiveCfg = Debug|Any CPU
		{70627855-FC91-49B7-B459-380292E92845}.Debug|Any CPU.Build.0 = Debug|Any CPU
		{70627855-FC91-49B7-B459-380292E92845}.Release|Any CPU.ActiveCfg = Release|Any CPU
		{70627855-FC91-49B7-B459-380292E92845}.Release|Any CPU.Build.0 = Release|Any CPU
	EndGlobalSection
	GlobalSection(SolutionProperties) = preSolution
		HideSolutionNode = FALSE
	EndGlobalSection
	GlobalSection(ExtensibilityGlobals) = postSolution
		SolutionGuid = {06E5A06A-EC1C-43E2-8B36-E5B38A961C86}
	EndGlobalSection
EndGlobal
